
Microsoft Visual Studio Solution File, Format Version 12.00
# Visual Studio Version 17
VisualStudioVersion = 17.6.33712.159
MinimumVisualStudioVersion = 10.0.40219.1
Project("{FAE04EC0-301F-11D3-BF4B-00C04F79EFBC}") = "VacumRobots", "VacumRobots.csproj", "{C41A3E49-4738-4066-BE76-018E8F6C166A}"
EndProject
Global
	GlobalSection(SolutionConfigurationPlatforms) = preSolution
		Debug|Any CPU = Debug|Any CPU
		Release|Any CPU = Release|Any CPU
	EndGlobalSection
	GlobalSection(ProjectConfigurationPlatforms) = postSolution
		{C41A3E49-4738-4066-BE76-018E8F6C166A}.Debug|Any CPU.ActiveCfg = Debug|Any CPU
		{C41A3E49-4738-4066-BE76-018E8F6C166A}.Debug|Any CPU.Build.0 = Debug|Any CPU
		{C41A3E49-4738-4066-BE76-018E8F6C166A}.Release|Any CPU.ActiveCfg = Release|Any CPU
		{C41A3E49-4738-4066-BE76-018E8F6C166A}.Release|Any CPU.Build.0 = Release|Any CPU
	EndGlobalSection
	GlobalSection(SolutionProperties) = preSolution
		HideSolutionNode = FALSE
	EndGlobalSection
	GlobalSection(ExtensibilityGlobals) = postSolution
		SolutionGuid = {DD72D418-7BBD-41FA-9AC1-425B5EFDD58E}
	EndGlobalSection
EndGlobal
